
Microsoft Visual Studio Solution File, Format Version 12.00
# Visual Studio Version 17
VisualStudioVersion = 17.0.32014.148
MinimumVisualStudioVersion = 10.0.40219.1
Project("{FAE04EC0-301F-11D3-BF4B-00C04F79EFBC}") = "TodoApi", "TodoApi\TodoApi.csproj", "{ADA9D896-8E39-4C1C-8325-CE04746D009E}"
EndProject
Global
	GlobalSection(SolutionConfigurationPlatforms) = preSolution
		Debug|Any CPU = Debug|Any CPU
		Release|Any CPU = Release|Any CPU
	EndGlobalSection
	GlobalSection(ProjectConfigurationPlatforms) = postSolution
		{ADA9D896-8E39-4C1C-8325-CE04746D009E}.Debug|Any CPU.ActiveCfg = Debug|Any CPU
		{ADA9D896-8E39-4C1C-8325-CE04746D009E}.Debug|Any CPU.Build.0 = Debug|Any CPU
		{ADA9D896-8E39-4C1C-8325-CE04746D009E}.Release|Any CPU.ActiveCfg = Release|Any CPU
		{ADA9D896-8E39-4C1C-8325-CE04746D009E}.Release|Any CPU.Build.0 = Release|Any CPU
	EndGlobalSection
	GlobalSection(SolutionProperties) = preSolution
		HideSolutionNode = FALSE
	EndGlobalSection
	GlobalSection(ExtensibilityGlobals) = postSolution
		SolutionGuid = {54BEFB97-1860-4238-8F27-AF4CD3343024}
	EndGlobalSection
EndGlobal
